// !$*UTF8*$!
{
	archiveVersion = 1;
	classes = {
	};
	objectVersion = 50;
	objects = {

/* Begin PBXBuildFile section */
		018BDC9B264EC0280019692F /* AppDelegate.swift in Sources */ = {isa = PBXBuildFile; fileRef = 018BDC9A264EC0280019692F /* AppDelegate.swift */; };
		018BDC9D264EC0280019692F /* SceneDelegate.swift in Sources */ = {isa = PBXBuildFile; fileRef = 018BDC9C264EC0280019692F /* SceneDelegate.swift */; };
		018BDC9F264EC0280019692F /* ViewController.swift in Sources */ = {isa = PBXBuildFile; fileRef = 018BDC9E264EC0280019692F /* ViewController.swift */; };
		018BDCA2264EC0280019692F /* Main.storyboard in Resources */ = {isa = PBXBuildFile; fileRef = 018BDCA0264EC0280019692F /* Main.storyboard */; };
		018BDCA5264EC0280019692F /* News_UITableView.xcdatamodeld in Sources */ = {isa = PBXBuildFile; fileRef = 018BDCA3264EC0280019692F /* News_UITableView.xcdatamodeld */; };
		018BDCA7264EC0290019692F /* Assets.xcassets in Resources */ = {isa = PBXBuildFile; fileRef = 018BDCA6264EC0290019692F /* Assets.xcassets */; };
		018BDCAA264EC0290019692F /* LaunchScreen.storyboard in Resources */ = {isa = PBXBuildFile; fileRef = 018BDCA8264EC0290019692F /* LaunchScreen.storyboard */; };
/* End PBXBuildFile section */

/* Begin PBXFileReference section */
		018BDC97264EC0280019692F /* News&UITableView.app */ = {isa = PBXFileReference; explicitFileType = wrapper.application; includeInIndex = 0; path = "News&UITableView.app"; sourceTree = BUILT_PRODUCTS_DIR; };
		018BDC9A264EC0280019692F /* AppDelegate.swift */ = {isa = PBXFileReference; lastKnownFileType = sourcecode.swift; path = AppDelegate.swift; sourceTree = "<group>"; };
		018BDC9C264EC0280019692F /* SceneDelegate.swift */ = {isa = PBXFileReference; lastKnownFileType = sourcecode.swift; path = SceneDelegate.swift; sourceTree = "<group>"; };
		018BDC9E264EC0280019692F /* ViewController.swift */ = {isa = PBXFileReference; lastKnownFileType = sourcecode.swift; path = ViewController.swift; sourceTree = "<group>"; };
		018BDCA1264EC0280019692F /* Base */ = {isa = PBXFileReference; lastKnownFileType = file.storyboard; name = Base; path = Base.lproj/Main.storyboard; sourceTree = "<group>"; };
		018BDCA4264EC0280019692F /* News_UITableView.xcdatamodel */ = {isa = PBXFileReference; lastKnownFileType = wrapper.xcdatamodel; path = News_UITableView.xcdatamodel; sourceTree = "<group>"; };
		018BDCA6264EC0290019692F /* Assets.xcassets */ = {isa = PBXFileReference; lastKnownFileType = folder.assetcatalog; path = Assets.xcassets; sourceTree = "<group>"; };
		018BDCA9264EC0290019692F /* Base */ = {isa = PBXFileReference; lastKnownFileType = file.storyboard; name = Base; path = Base.lproj/LaunchScreen.storyboard; sourceTree = "<group>"; };
		018BDCAB264EC0290019692F /* Info.plist */ = {isa = PBXFileReference; lastKnownFileType = text.plist.xml; path = Info.plist; sourceTree = "<group>"; };
/* End PBXFileReference section */

/* Begin PBXFrameworksBuildPhase section */
		018BDC94264EC0280019692F /* Frameworks */ = {
			isa = PBXFrameworksBuildPhase;
			buildActionMask = 2147483647;
			files = (
			);
			runOnlyForDeploymentPostprocessing = 0;
		};
/* End PBXFrameworksBuildPhase section */

/* Begin PBXGroup section */
		018BDC8E264EC0280019692F = {
			isa = PBXGroup;
			children = (
				018BDC99264EC0280019692F /* News&UITableView */,
				018BDC98264EC0280019692F /* Products */,
			);
			sourceTree = "<group>";
		};
		018BDC98264EC0280019692F /* Products */ = {
			isa = PBXGroup;
			children = (
				018BDC97264EC0280019692F /* News&UITableView.app */,
			);
			name = Products;
			sourceTree = "<group>";
		};
		018BDC99264EC0280019692F /* News&UITableView */ = {
			isa = PBXGroup;
			children = (
				018BDC9A264EC0280019692F /* AppDelegate.swift */,
				018BDC9C264EC0280019692F /* SceneDelegate.swift */,
				018BDC9E264EC0280019692F /* ViewController.swift */,
				018BDCA0264EC0280019692F /* Main.storyboard */,
				018BDCA6264EC0290019692F /* Assets.xcassets */,
				018BDCA8264EC0290019692F /* LaunchScreen.storyboard */,
				018BDCAB264EC0290019692F /* Info.plist */,
				018BDCA3264EC0280019692F /* News_UITableView.xcdatamodeld */,
			);
			path = "News&UITableView";
			sourceTree = "<group>";
		};
/* End PBXGroup section */

/* Begin PBXNativeTarget section */
		018BDC96264EC0280019692F /* News&UITableView */ = {
			isa = PBXNativeTarget;
			buildConfigurationList = 018BDCAE264EC0290019692F /* Build configuration list for PBXNativeTarget "News&UITableView" */;
			buildPhases = (
				018BDC93264EC0280019692F /* Sources */,
				018BDC94264EC0280019692F /* Frameworks */,
				018BDC95264EC0280019692F /* Resources */,
			);
			buildRules = (
			);
			dependencies = (
			);
			name = "News&UITableView";
			productName = "News&UITableView";
			productReference = 018BDC97264EC0280019692F /* News&UITableView.app */;
			productType = "com.apple.product-type.application";
		};
/* End PBXNativeTarget section */

/* Begin PBXProject section */
		018BDC8F264EC0280019692F /* Project object */ = {
			isa = PBXProject;
			attributes = {
				LastSwiftUpdateCheck = 1250;
				LastUpgradeCheck = 1250;
				TargetAttributes = {
					018BDC96264EC0280019692F = {
						CreatedOnToolsVersion = 12.5;
					};
				};
			};
			buildConfigurationList = 018BDC92264EC0280019692F /* Build configuration list for PBXProject "News&UITableView" */;
			compatibilityVersion = "Xcode 9.3";
			developmentRegion = en;
			hasScannedForEncodings = 0;
			knownRegions = (
				en,
				Base,
			);
			mainGroup = 018BDC8E264EC0280019692F;
			productRefGroup = 018BDC98264EC0280019692F /* Products */;
			projectDirPath = "";
			projectRoot = "";
			targets = (
				018BDC96264EC0280019692F /* News&UITableView */,
			);
		};
/* End PBXProject section */

/* Begin PBXResourcesBuildPhase section */
		018BDC95264EC0280019692F /* Resources */ = {
			isa = PBXResourcesBuildPhase;
			buildActionMask = 2147483647;
			files = (
				018BDCAA264EC0290019692F /* LaunchScreen.storyboard in Resources */,
				018BDCA7264EC0290019692F /* Assets.xcassets in Resources */,
				018BDCA2264EC0280019692F /* Main.storyboard in Resources */,
			);
			runOnlyForDeploymentPostprocessing = 0;
		};
/* End PBXResourcesBuildPhase section */

/* Begin PBXSourcesBuildPhase section */
		018BDC93264EC0280019692F /* Sources */ = {
			isa = PBXSourcesBuildPhase;
			buildActionMask = 2147483647;
			files = (
				018BDC9F264EC0280019692F /* ViewController.swift in Sources */,
				018BDC9B264EC0280019692F /* AppDelegate.swift in Sources */,
				018BDCA5264EC0280019692F /* News_UITableView.xcdatamodeld in Sources */,
				018BDC9D264EC0280019692F /* SceneDelegate.swift in Sources */,
			);
			runOnlyForDeploymentPostprocessing = 0;
		};
/* End PBXSourcesBuildPhase section */

/* Begin PBXVariantGroup section */
		018BDCA0264EC0280019692F /* Main.storyboard */ = {
			isa = PBXVariantGroup;
			children = (
				018BDCA1264EC0280019692F /* Base */,
			);
			name = Main.storyboard;
			sourceTree = "<group>";
		};
		018BDCA8264EC0290019692F /* LaunchScreen.storyboard */ = {
			isa = PBXVariantGroup;
			children = (
				018BDCA9264EC0290019692F /* Base */,
			);
			name = LaunchScreen.storyboard;
			sourceTree = "<group>";
		};
/* End PBXVariantGroup section */

/* Begin XCBuildConfiguration section */
		018BDCAC264EC0290019692F /* Debug */ = {
			isa = XCBuildConfiguration;
			buildSettings = {
				ALWAYS_SEARCH_USER_PATHS = NO;
				CLANG_ANALYZER_NONNULL = YES;
				CLANG_ANALYZER_NUMBER_OBJECT_CONVERSION = YES_AGGRESSIVE;
				CLANG_CXX_LANGUAGE_STANDARD = "gnu++14";
				CLANG_CXX_LIBRARY = "libc++";
				CLANG_ENABLE_MODULES = YES;
				CLANG_ENABLE_OBJC_ARC = YES;
				CLANG_ENABLE_OBJC_WEAK = YES;
				CLANG_WARN_BLOCK_CAPTURE_AUTORELEASING = YES;
				CLANG_WARN_BOOL_CONVERSION = YES;
				CLANG_WARN_COMMA = YES;
				CLANG_WARN_CONSTANT_CONVERSION = YES;
				CLANG_WARN_DEPRECATED_OBJC_IMPLEMENTATIONS = YES;
				CLANG_WARN_DIRECT_OBJC_ISA_USAGE = YES_ERROR;
				CLANG_WARN_DOCUMENTATION_COMMENTS = YES;
				CLANG_WARN_EMPTY_BODY = YES;
				CLANG_WARN_ENUM_CONVERSION = YES;
				CLANG_WARN_INFINITE_RECURSION = YES;
				CLANG_WARN_INT_CONVERSION = YES;
				CLANG_WARN_NON_LITERAL_NULL_CONVERSION = YES;
				CLANG_WARN_OBJC_IMPLICIT_RETAIN_SELF = YES;
				CLANG_WARN_OBJC_LITERAL_CONVERSION = YES;
				CLANG_WARN_OBJC_ROOT_CLASS = YES_ERROR;
				CLANG_WARN_QUOTED_INCLUDE_IN_FRAMEWORK_HEADER = YES;
				CLANG_WARN_RANGE_LOOP_ANALYSIS = YES;
				CLANG_WARN_STRICT_PROTOTYPES = YES;
				CLANG_WARN_SUSPICIOUS_MOVE = YES;
				CLANG_WARN_UNGUARDED_AVAILABILITY = YES_AGGRESSIVE;
				CLANG_WARN_UNREACHABLE_CODE = YES;
				CLANG_WARN__DUPLICATE_METHOD_MATCH = YES;
				COPY_PHASE_STRIP = NO;
				DEBUG_INFORMATION_FORMAT = dwarf;
				ENABLE_STRICT_OBJC_MSGSEND = YES;
				ENABLE_TESTABILITY = YES;
				GCC_C_LANGUAGE_STANDARD = gnu11;
				GCC_DYNAMIC_NO_PIC = NO;
				GCC_NO_COMMON_BLOCKS = YES;
				GCC_OPTIMIZATION_LEVEL = 0;
				GCC_PREPROCESSOR_DEFINITIONS = (
					"DEBUG=1",
					"$(inherited)",
				);
				GCC_WARN_64_TO_32_BIT_CONVERSION = YES;
				GCC_WARN_ABOUT_RETURN_TYPE = YES_ERROR;
				GCC_WARN_UNDECLARED_SELECTOR = YES;
				GCC_WARN_UNINITIALIZED_AUTOS = YES_AGGRESSIVE;
				GCC_WARN_UNUSED_FUNCTION = YES;
				GCC_WARN_UNUSED_VARIABLE = YES;
				IPHONEOS_DEPLOYMENT_TARGET = 14.5;
				MTL_ENABLE_DEBUG_INFO = INCLUDE_SOURCE;
				MTL_FAST_MATH = YES;
				ONLY_ACTIVE_ARCH = YES;
				SDKROOT = iphoneos;
				SWIFT_ACTIVE_COMPILATION_CONDITIONS = DEBUG;
				SWIFT_OPTIMIZATION_LEVEL = "-Onone";
			};
			name = Debug;
		};
		018BDCAD264EC0290019692F /* Release */ = {
			isa = XCBuildConfiguration;
			buildSettings = {
				ALWAYS_SEARCH_USER_PATHS = NO;
				CLANG_ANALYZER_NONNULL = YES;
				CLANG_ANALYZER_NUMBER_OBJECT_CONVERSION = YES_AGGRESSIVE;
				CLANG_CXX_LANGUAGE_STANDARD = "gnu++14";
				CLANG_CXX_LIBRARY = "libc++";
				CLANG_ENABLE_MODULES = YES;
				CLANG_ENABLE_OBJC_ARC = YES;
				CLANG_ENABLE_OBJC_WEAK = YES;
				CLANG_WARN_BLOCK_CAPTURE_AUTORELEASING = YES;
				CLANG_WARN_BOOL_CONVERSION = YES;
				CLANG_WARN_COMMA = YES;
				CLANG_WARN_CONSTANT_CONVERSION = YES;
				CLANG_WARN_DEPRECATED_OBJC_IMPLEMENTATIONS = YES;
				CLANG_WARN_DIRECT_OBJC_ISA_USAGE = YES_ERROR;
				CLANG_WARN_DOCUMENTATION_COMMENTS = YES;
				CLANG_WARN_EMPTY_BODY = YES;
				CLANG_WARN_ENUM_CONVERSION = YES;
				CLANG_WARN_INFINITE_RECURSION = YES;
				CLANG_WARN_INT_CONVERSION = YES;
				CLANG_WARN_NON_LITERAL_NULL_CONVERSION = YES;
				CLANG_WARN_OBJC_IMPLICIT_RETAIN_SELF = YES;
				CLANG_WARN_OBJC_LITERAL_CONVERSION = YES;
				CLANG_WARN_OBJC_ROOT_CLASS = YES_ERROR;
				CLANG_WARN_QUOTED_INCLUDE_IN_FRAMEWORK_HEADER = YES;
				CLANG_WARN_RANGE_LOOP_ANALYSIS = YES;
				CLANG_WARN_STRICT_PROTOTYPES = YES;
				CLANG_WARN_SUSPICIOUS_MOVE = YES;
				CLANG_WARN_UNGUARDED_AVAILABILITY = YES_AGGRESSIVE;
				CLANG_WARN_UNREACHABLE_CODE = YES;
				CLANG_WARN__DUPLICATE_METHOD_MATCH = YES;
				COPY_PHASE_STRIP = NO;
				DEBUG_INFORMATION_FORMAT = "dwarf-with-dsym";
				ENABLE_NS_ASSERTIONS = NO;
				ENABLE_STRICT_OBJC_MSGSEND = YES;
				GCC_C_LANGUAGE_STANDARD = gnu11;
				GCC_NO_COMMON_BLOCKS = YES;
				GCC_WARN_64_TO_32_BIT_CONVERSION = YES;
				GCC_WARN_ABOUT_RETURN_TYPE = YES_ERROR;
				GCC_WARN_UNDECLARED_SELECTOR = YES;
				GCC_WARN_UNINITIALIZED_AUTOS = YES_AGGRESSIVE;
				GCC_WARN_UNUSED_FUNCTION = YES;
				GCC_WARN_UNUSED_VARIABLE = YES;
				IPHONEOS_DEPLOYMENT_TARGET = 14.5;
				MTL_ENABLE_DEBUG_INFO = NO;
				MTL_FAST_MATH = YES;
				SDKROOT = iphoneos;
				SWIFT_COMPILATION_MODE = wholemodule;
				SWIFT_OPTIMIZATION_LEVEL = "-O";
				VALIDATE_PRODUCT = YES;
			};
			name = Release;
		};
		018BDCAF264EC0290019692F /* Debug */ = {
			isa = XCBuildConfiguration;
			buildSettings = {
				ASSETCATALOG_COMPILER_APPICON_NAME = AppIcon;
				ASSETCATALOG_COMPILER_GLOBAL_ACCENT_COLOR_NAME = AccentColor;
				CODE_SIGN_STYLE = Automatic;
				INFOPLIST_FILE = "News&UITableView/Info.plist";
				LD_RUNPATH_SEARCH_PATHS = (
					"$(inherited)",
					"@executable_path/Frameworks",
				);
				PRODUCT_BUNDLE_IDENTIFIER = "KwanheeKim.News-UITableView";
				PRODUCT_NAME = "$(TARGET_NAME)";
				SWIFT_VERSION = 5.0;
				TARGETED_DEVICE_FAMILY = "1,2";
			};
			name = Debug;
		};
		018BDCB0264EC0290019692F /* Release */ = {
			isa = XCBuildConfiguration;
			buildSettings = {
				ASSETCATALOG_COMPILER_APPICON_NAME = AppIcon;
				ASSETCATALOG_COMPILER_GLOBAL_ACCENT_COLOR_NAME = AccentColor;
				CODE_SIGN_STYLE = Automatic;
				INFOPLIST_FILE = "News&UITableView/Info.plist";
				LD_RUNPATH_SEARCH_PATHS = (
					"$(inherited)",
					"@executable_path/Frameworks",
				);
				PRODUCT_BUNDLE_IDENTIFIER = "KwanheeKim.News-UITableView";
				PRODUCT_NAME = "$(TARGET_NAME)";
				SWIFT_VERSION = 5.0;
				TARGETED_DEVICE_FAMILY = "1,2";
			};
			name = Release;
		};
/* End XCBuildConfiguration section */

/* Begin XCConfigurationList section */
		018BDC92264EC0280019692F /* Build configuration list for PBXProject "News&UITableView" */ = {
			isa = XCConfigurationList;
			buildConfigurations = (
				018BDCAC264EC0290019692F /* Debug */,
				018BDCAD264EC0290019692F /* Release */,
			);
			defaultConfigurationIsVisible = 0;
			defaultConfigurationName = Release;
		};
		018BDCAE264EC0290019692F /* Build configuration list for PBXNativeTarget "News&UITableView" */ = {
			isa = XCConfigurationList;
			buildConfigurations = (
				018BDCAF264EC0290019692F /* Debug */,
				018BDCB0264EC0290019692F /* Release */,
			);
			defaultConfigurationIsVisible = 0;
			defaultConfigurationName = Release;
		};
/* End XCConfigurationList section */

/* Begin XCVersionGroup section */
		018BDCA3264EC0280019692F /* News_UITableView.xcdatamodeld */ = {
			isa = XCVersionGroup;
			children = (
				018BDCA4264EC0280019692F /* News_UITableView.xcdatamodel */,
			);
			currentVersion = 018BDCA4264EC0280019692F /* News_UITableView.xcdatamodel */;
			path = News_UITableView.xcdatamodeld;
			sourceTree = "<group>";
			versionGroupType = wrapper.xcdatamodel;
		};
/* End XCVersionGroup section */
	};
	rootObject = 018BDC8F264EC0280019692F /* Project object */;
}
